
Microsoft Visual Studio Solution File, Format Version 12.00
# Visual Studio Version 16
VisualStudioVersion = 16.0.33027.164
MinimumVisualStudioVersion = 10.0.40219.1
Project("{FAE04EC0-301F-11D3-BF4B-00C04F79EFBC}") = "HomeWork1", "HomeWork1\HomeWork1.csproj", "{454E51D7-288F-431F-A8D2-A94E5B182A8D}"
EndProject
Global
	GlobalSection(SolutionConfigurationPlatforms) = preSolution
		Debug|Any CPU = Debug|Any CPU
		Release|Any CPU = Release|Any CPU
	EndGlobalSection
	GlobalSection(ProjectConfigurationPlatforms) = postSolution
		{454E51D7-288F-431F-A8D2-A94E5B182A8D}.Debug|Any CPU.ActiveCfg = Debug|Any CPU
		{454E51D7-288F-431F-A8D2-A94E5B182A8D}.Debug|Any CPU.Build.0 = Debug|Any CPU
		{454E51D7-288F-431F-A8D2-A94E5B182A8D}.Release|Any CPU.ActiveCfg = Release|Any CPU
		{454E51D7-288F-431F-A8D2-A94E5B182A8D}.Release|Any CPU.Build.0 = Release|Any CPU
	EndGlobalSection
	GlobalSection(SolutionProperties) = preSolution
		HideSolutionNode = FALSE
	EndGlobalSection
	GlobalSection(ExtensibilityGlobals) = postSolution
		SolutionGuid = {672F3DBE-1729-4BA2-8477-7E1C4C2E61E0}
	EndGlobalSection
EndGlobal
